// !$*UTF8*$!
{
	archiveVersion = 1;
	classes = {
	};
	objectVersion = 56;
	objects = {

/* Begin PBXBuildFile section */
		00492AD62974B0FC00F9E0E6 /* FavoriteViewController.swift in Sources */ = {isa = PBXBuildFile; fileRef = 00492AD52974B0FC00F9E0E6 /* FavoriteViewController.swift */; };
		00492AD82974B11500F9E0E6 /* FavoritesCell.swift in Sources */ = {isa = PBXBuildFile; fileRef = 00492AD72974B11500F9E0E6 /* FavoritesCell.swift */; };
		008C9552296B416D00730E7A /* AppDelegate.swift in Sources */ = {isa = PBXBuildFile; fileRef = 008C9551296B416D00730E7A /* AppDelegate.swift */; };
		008C9554296B416D00730E7A /* SceneDelegate.swift in Sources */ = {isa = PBXBuildFile; fileRef = 008C9553296B416D00730E7A /* SceneDelegate.swift */; };
		008C9556296B416D00730E7A /* LoginRegistrationViewController.swift in Sources */ = {isa = PBXBuildFile; fileRef = 008C9555296B416D00730E7A /* LoginRegistrationViewController.swift */; };
		008C955B296B416F00730E7A /* Assets.xcassets in Resources */ = {isa = PBXBuildFile; fileRef = 008C955A296B416F00730E7A /* Assets.xcassets */; };
		008C955E296B416F00730E7A /* LaunchScreen.storyboard in Resources */ = {isa = PBXBuildFile; fileRef = 008C955C296B416F00730E7A /* LaunchScreen.storyboard */; };
		00C6EBF32974458400572C5D /* TextCell.swift in Sources */ = {isa = PBXBuildFile; fileRef = 00C6EBF22974458400572C5D /* TextCell.swift */; };
		00C6EBF6297445ED00572C5D /* OnboardingViewController.swift in Sources */ = {isa = PBXBuildFile; fileRef = 00C6EBF5297445ED00572C5D /* OnboardingViewController.swift */; };
		00C6EBF82974460000572C5D /* OnboardingScreens.swift in Sources */ = {isa = PBXBuildFile; fileRef = 00C6EBF72974460000572C5D /* OnboardingScreens.swift */; };
		00C6EBFA2974464000572C5D /* Theme.swift in Sources */ = {isa = PBXBuildFile; fileRef = 00C6EBF92974464000572C5D /* Theme.swift */; };
		378294CE297723F1009A5F30 /* NetworkFetch.swift in Sources */ = {isa = PBXBuildFile; fileRef = 378294CD297723F1009A5F30 /* NetworkFetch.swift */; };
		378294D02977243C009A5F30 /* DataFetch.swift in Sources */ = {isa = PBXBuildFile; fileRef = 378294CF2977243C009A5F30 /* DataFetch.swift */; };
		378294D4297724D8009A5F30 /* AlbumModel.swift in Sources */ = {isa = PBXBuildFile; fileRef = 378294D3297724D8009A5F30 /* AlbumModel.swift */; };
		378294D629772501009A5F30 /* Tracks.swift in Sources */ = {isa = PBXBuildFile; fileRef = 378294D529772501009A5F30 /* Tracks.swift */; };
		378294D829772545009A5F30 /* TrackModel.swift in Sources */ = {isa = PBXBuildFile; fileRef = 378294D729772545009A5F30 /* TrackModel.swift */; };
		378294DA29772578009A5F30 /* MusicManager.swift in Sources */ = {isa = PBXBuildFile; fileRef = 378294D929772578009A5F30 /* MusicManager.swift */; };
		378294DC2977324E009A5F30 /* MusicURL.swift in Sources */ = {isa = PBXBuildFile; fileRef = 378294DB2977324E009A5F30 /* MusicURL.swift */; };
		EC1C56FF29706509000845FC /* Validator.swift in Sources */ = {isa = PBXBuildFile; fileRef = EC1C56FE29706509000845FC /* Validator.swift */; };
		EC1C570129709F89000845FC /* AlertManager.swift in Sources */ = {isa = PBXBuildFile; fileRef = EC1C570029709F89000845FC /* AlertManager.swift */; };
		EC1C57072970C067000845FC /* User.swift in Sources */ = {isa = PBXBuildFile; fileRef = EC1C57062970C067000845FC /* User.swift */; };
		EC2D4987296D94F500C2C121 /* LoginInputController.swift in Sources */ = {isa = PBXBuildFile; fileRef = EC2D4986296D94F500C2C121 /* LoginInputController.swift */; };
		EC2D4989296D950800C2C121 /* LoginInputView.swift in Sources */ = {isa = PBXBuildFile; fileRef = EC2D4988296D950800C2C121 /* LoginInputView.swift */; };
		EC324F952975D3A600988CBA /* MusicModel.xcdatamodeld in Sources */ = {isa = PBXBuildFile; fileRef = EC324F932975D3A600988CBA /* MusicModel.xcdatamodeld */; };
		EC70BEF4296FEA5500A037EA /* AuthService.swift in Sources */ = {isa = PBXBuildFile; fileRef = EC70BEF3296FEA5500A037EA /* AuthService.swift */; };
		EC70BEF6296FEC2300A037EA /* RegisterUserRequest.swift in Sources */ = {isa = PBXBuildFile; fileRef = EC70BEF5296FEC2300A037EA /* RegisterUserRequest.swift */; };
		EC70BEF8296FF61200A037EA /* LoginUserRequest.swift in Sources */ = {isa = PBXBuildFile; fileRef = EC70BEF7296FF61200A037EA /* LoginUserRequest.swift */; };
		EC70BEFB29701B8400A037EA /* ForgotViewController.swift in Sources */ = {isa = PBXBuildFile; fileRef = EC70BEFA29701B8400A037EA /* ForgotViewController.swift */; };
		EC70BEFE29701CA900A037EA /* AuthHeaderView.swift in Sources */ = {isa = PBXBuildFile; fileRef = EC70BEFD29701CA900A037EA /* AuthHeaderView.swift */; };
		ECC1249F296F052500FA3183 /* GoogleService-Info.plist in Resources */ = {isa = PBXBuildFile; fileRef = ECC1249E296F052500FA3183 /* GoogleService-Info.plist */; };
		ECC124A2296F0ED700FA3183 /* FirebaseAuth in Frameworks */ = {isa = PBXBuildFile; productRef = ECC124A1296F0ED700FA3183 /* FirebaseAuth */; };
		ECC124A4296F0ED700FA3183 /* FirebaseFirestore in Frameworks */ = {isa = PBXBuildFile; productRef = ECC124A3296F0ED700FA3183 /* FirebaseFirestore */; };
		ECC124A6296F0ED700FA3183 /* FirebaseStorage in Frameworks */ = {isa = PBXBuildFile; productRef = ECC124A5296F0ED700FA3183 /* FirebaseStorage */; };
		ECC3B61C296C210300E7702B /* Extensions+TextField.swift in Sources */ = {isa = PBXBuildFile; fileRef = ECC3B61B296C210300E7702B /* Extensions+TextField.swift */; };
		ECC494DF296B645200571028 /* MainTabBarController.swift in Sources */ = {isa = PBXBuildFile; fileRef = ECC494DE296B645200571028 /* MainTabBarController.swift */; };
		ECC494E2296B65CB00571028 /* LoginView.swift in Sources */ = {isa = PBXBuildFile; fileRef = ECC494E1296B65CB00571028 /* LoginView.swift */; };
		ECC494E4296B660100571028 /* MainViewController.swift in Sources */ = {isa = PBXBuildFile; fileRef = ECC494E3296B660100571028 /* MainViewController.swift */; };
		ECC494EB296B67F600571028 /* APICaller.swift in Sources */ = {isa = PBXBuildFile; fileRef = ECC494EA296B67F600571028 /* APICaller.swift */; };
		ECC494ED296B681C00571028 /* Model.swift in Sources */ = {isa = PBXBuildFile; fileRef = ECC494EC296B681C00571028 /* Model.swift */; };
		ECC494F0296B6A9200571028 /* PlayViewController.swift in Sources */ = {isa = PBXBuildFile; fileRef = ECC494EF296B6A9200571028 /* PlayViewController.swift */; };
		ECC494F3296B6DC800571028 /* PersonViewController.swift in Sources */ = {isa = PBXBuildFile; fileRef = ECC494F2296B6DC800571028 /* PersonViewController.swift */; };
		ECD2CD8A296C4A37008F9542 /* Extensions+Label.swift in Sources */ = {isa = PBXBuildFile; fileRef = ECD2CD89296C4A37008F9542 /* Extensions+Label.swift */; };
		ECD2CD8E296C5487008F9542 /* Extensions+UIStackView.swift in Sources */ = {isa = PBXBuildFile; fileRef = ECD2CD8D296C5487008F9542 /* Extensions+UIStackView.swift */; };
		ECF836222973F90F005C10E4 /* PlayView.swift in Sources */ = {isa = PBXBuildFile; fileRef = ECF836212973F90F005C10E4 /* PlayView.swift */; };
/* End PBXBuildFile section */

/* Begin PBXFileReference section */
		00492AD52974B0FC00F9E0E6 /* FavoriteViewController.swift */ = {isa = PBXFileReference; lastKnownFileType = sourcecode.swift; path = FavoriteViewController.swift; sourceTree = "<group>"; };
		00492AD72974B11500F9E0E6 /* FavoritesCell.swift */ = {isa = PBXFileReference; lastKnownFileType = sourcecode.swift; path = FavoritesCell.swift; sourceTree = "<group>"; };
		008C954E296B416D00730E7A /* Vii-Music.app */ = {isa = PBXFileReference; explicitFileType = wrapper.application; includeInIndex = 0; path = "Vii-Music.app"; sourceTree = BUILT_PRODUCTS_DIR; };
		008C9551296B416D00730E7A /* AppDelegate.swift */ = {isa = PBXFileReference; lastKnownFileType = sourcecode.swift; path = AppDelegate.swift; sourceTree = "<group>"; };
		008C9553296B416D00730E7A /* SceneDelegate.swift */ = {isa = PBXFileReference; lastKnownFileType = sourcecode.swift; path = SceneDelegate.swift; sourceTree = "<group>"; };
		008C9555296B416D00730E7A /* LoginRegistrationViewController.swift */ = {isa = PBXFileReference; lastKnownFileType = sourcecode.swift; path = LoginRegistrationViewController.swift; sourceTree = "<group>"; };
		008C955A296B416F00730E7A /* Assets.xcassets */ = {isa = PBXFileReference; lastKnownFileType = folder.assetcatalog; path = Assets.xcassets; sourceTree = "<group>"; };
		008C955D296B416F00730E7A /* Base */ = {isa = PBXFileReference; lastKnownFileType = file.storyboard; name = Base; path = Base.lproj/LaunchScreen.storyboard; sourceTree = "<group>"; };
		008C955F296B416F00730E7A /* Info.plist */ = {isa = PBXFileReference; lastKnownFileType = text.plist.xml; path = Info.plist; sourceTree = "<group>"; };
		00C6EBF22974458400572C5D /* TextCell.swift */ = {isa = PBXFileReference; lastKnownFileType = sourcecode.swift; path = TextCell.swift; sourceTree = "<group>"; };
		00C6EBF5297445ED00572C5D /* OnboardingViewController.swift */ = {isa = PBXFileReference; lastKnownFileType = sourcecode.swift; path = OnboardingViewController.swift; sourceTree = "<group>"; };
		00C6EBF72974460000572C5D /* OnboardingScreens.swift */ = {isa = PBXFileReference; lastKnownFileType = sourcecode.swift; path = OnboardingScreens.swift; sourceTree = "<group>"; };
		00C6EBF92974464000572C5D /* Theme.swift */ = {isa = PBXFileReference; lastKnownFileType = sourcecode.swift; path = Theme.swift; sourceTree = "<group>"; };
		378294CD297723F1009A5F30 /* NetworkFetch.swift */ = {isa = PBXFileReference; lastKnownFileType = sourcecode.swift; path = NetworkFetch.swift; sourceTree = "<group>"; };
		378294CF2977243C009A5F30 /* DataFetch.swift */ = {isa = PBXFileReference; lastKnownFileType = sourcecode.swift; path = DataFetch.swift; sourceTree = "<group>"; };
		378294D3297724D8009A5F30 /* AlbumModel.swift */ = {isa = PBXFileReference; lastKnownFileType = sourcecode.swift; path = AlbumModel.swift; sourceTree = "<group>"; };
		378294D529772501009A5F30 /* Tracks.swift */ = {isa = PBXFileReference; lastKnownFileType = sourcecode.swift; path = Tracks.swift; sourceTree = "<group>"; };
		378294D729772545009A5F30 /* TrackModel.swift */ = {isa = PBXFileReference; lastKnownFileType = sourcecode.swift; path = TrackModel.swift; sourceTree = "<group>"; };
		378294D929772578009A5F30 /* MusicManager.swift */ = {isa = PBXFileReference; lastKnownFileType = sourcecode.swift; path = MusicManager.swift; sourceTree = "<group>"; };
		378294DB2977324E009A5F30 /* MusicURL.swift */ = {isa = PBXFileReference; lastKnownFileType = sourcecode.swift; path = MusicURL.swift; sourceTree = "<group>"; };
		EC1C56FE29706509000845FC /* Validator.swift */ = {isa = PBXFileReference; lastKnownFileType = sourcecode.swift; path = Validator.swift; sourceTree = "<group>"; };
		EC1C570029709F89000845FC /* AlertManager.swift */ = {isa = PBXFileReference; lastKnownFileType = sourcecode.swift; path = AlertManager.swift; sourceTree = "<group>"; };
		EC1C57062970C067000845FC /* User.swift */ = {isa = PBXFileReference; lastKnownFileType = sourcecode.swift; path = User.swift; sourceTree = "<group>"; };
		EC2D4986296D94F500C2C121 /* LoginInputController.swift */ = {isa = PBXFileReference; lastKnownFileType = sourcecode.swift; path = LoginInputController.swift; sourceTree = "<group>"; };
		EC2D4988296D950800C2C121 /* LoginInputView.swift */ = {isa = PBXFileReference; lastKnownFileType = sourcecode.swift; path = LoginInputView.swift; sourceTree = "<group>"; };
		EC324F942975D3A600988CBA /* MusicModel.xcdatamodel */ = {isa = PBXFileReference; lastKnownFileType = wrapper.xcdatamodel; path = MusicModel.xcdatamodel; sourceTree = "<group>"; };
		EC70BEF3296FEA5500A037EA /* AuthService.swift */ = {isa = PBXFileReference; lastKnownFileType = sourcecode.swift; path = AuthService.swift; sourceTree = "<group>"; };
		EC70BEF5296FEC2300A037EA /* RegisterUserRequest.swift */ = {isa = PBXFileReference; lastKnownFileType = sourcecode.swift; path = RegisterUserRequest.swift; sourceTree = "<group>"; };
		EC70BEF7296FF61200A037EA /* LoginUserRequest.swift */ = {isa = PBXFileReference; lastKnownFileType = sourcecode.swift; path = LoginUserRequest.swift; sourceTree = "<group>"; };
		EC70BEFA29701B8400A037EA /* ForgotViewController.swift */ = {isa = PBXFileReference; lastKnownFileType = sourcecode.swift; path = ForgotViewController.swift; sourceTree = "<group>"; };
		EC70BEFD29701CA900A037EA /* AuthHeaderView.swift */ = {isa = PBXFileReference; lastKnownFileType = sourcecode.swift; path = AuthHeaderView.swift; sourceTree = "<group>"; };
		ECC1249E296F052500FA3183 /* GoogleService-Info.plist */ = {isa = PBXFileReference; fileEncoding = 4; lastKnownFileType = text.plist.xml; path = "GoogleService-Info.plist"; sourceTree = "<group>"; };
		ECC3B61B296C210300E7702B /* Extensions+TextField.swift */ = {isa = PBXFileReference; lastKnownFileType = sourcecode.swift; path = "Extensions+TextField.swift"; sourceTree = "<group>"; };
		ECC494DE296B645200571028 /* MainTabBarController.swift */ = {isa = PBXFileReference; lastKnownFileType = sourcecode.swift; path = MainTabBarController.swift; sourceTree = "<group>"; };
		ECC494E1296B65CB00571028 /* LoginView.swift */ = {isa = PBXFileReference; lastKnownFileType = sourcecode.swift; path = LoginView.swift; sourceTree = "<group>"; };
		ECC494E3296B660100571028 /* MainViewController.swift */ = {isa = PBXFileReference; lastKnownFileType = sourcecode.swift; path = MainViewController.swift; sourceTree = "<group>"; };
		ECC494EA296B67F600571028 /* APICaller.swift */ = {isa = PBXFileReference; lastKnownFileType = sourcecode.swift; path = APICaller.swift; sourceTree = "<group>"; };
		ECC494EC296B681C00571028 /* Model.swift */ = {isa = PBXFileReference; lastKnownFileType = sourcecode.swift; path = Model.swift; sourceTree = "<group>"; };
		ECC494EF296B6A9200571028 /* PlayViewController.swift */ = {isa = PBXFileReference; lastKnownFileType = sourcecode.swift; path = PlayViewController.swift; sourceTree = "<group>"; };
		ECC494F2296B6DC800571028 /* PersonViewController.swift */ = {isa = PBXFileReference; lastKnownFileType = sourcecode.swift; path = PersonViewController.swift; sourceTree = "<group>"; };
		ECD2CD89296C4A37008F9542 /* Extensions+Label.swift */ = {isa = PBXFileReference; lastKnownFileType = sourcecode.swift; path = "Extensions+Label.swift"; sourceTree = "<group>"; };
		ECD2CD8D296C5487008F9542 /* Extensions+UIStackView.swift */ = {isa = PBXFileReference; lastKnownFileType = sourcecode.swift; path = "Extensions+UIStackView.swift"; sourceTree = "<group>"; };
		ECF836212973F90F005C10E4 /* PlayView.swift */ = {isa = PBXFileReference; lastKnownFileType = sourcecode.swift; path = PlayView.swift; sourceTree = "<group>"; };
/* End PBXFileReference section */

/* Begin PBXFrameworksBuildPhase section */
		008C954B296B416D00730E7A /* Frameworks */ = {
			isa = PBXFrameworksBuildPhase;
			buildActionMask = 2147483647;
			files = (
				ECC124A2296F0ED700FA3183 /* FirebaseAuth in Frameworks */,
				ECC124A4296F0ED700FA3183 /* FirebaseFirestore in Frameworks */,
				ECC124A6296F0ED700FA3183 /* FirebaseStorage in Frameworks */,
			);
			runOnlyForDeploymentPostprocessing = 0;
		};
/* End PBXFrameworksBuildPhase section */

/* Begin PBXGroup section */
		00492AD42974B0DB00F9E0E6 /* Favorites */ = {
			isa = PBXGroup;
			children = (
				00492AD52974B0FC00F9E0E6 /* FavoriteViewController.swift */,
				00492AD72974B11500F9E0E6 /* FavoritesCell.swift */,
			);
			path = Favorites;
			sourceTree = "<group>";
		};
		008C9545296B416D00730E7A = {
			isa = PBXGroup;
			children = (
				008C9550296B416D00730E7A /* Vii-Music */,
				008C954F296B416D00730E7A /* Products */,
			);
			sourceTree = "<group>";
		};
		008C954F296B416D00730E7A /* Products */ = {
			isa = PBXGroup;
			children = (
				008C954E296B416D00730E7A /* Vii-Music.app */,
			);
			name = Products;
			sourceTree = "<group>";
		};
		008C9550296B416D00730E7A /* Vii-Music */ = {
			isa = PBXGroup;
			children = (
				ECC494D9296B613900571028 /* App */,
				ECC494E8296B678E00571028 /* Managers */,
				ECC494E9296B679C00571028 /* Models */,
				ECC494E5296B664C00571028 /* Common */,
				ECC494DB296B614D00571028 /* Sources */,
				ECC494DD296B617600571028 /* Resources */,
				EC324F932975D3A600988CBA /* MusicModel.xcdatamodeld */,
			);
			path = "Vii-Music";
			sourceTree = "<group>";
		};
		00C6EBF4297445DF00572C5D /* Onboarding */ = {
			isa = PBXGroup;
			children = (
				00C6EBF5297445ED00572C5D /* OnboardingViewController.swift */,
				00C6EBF72974460000572C5D /* OnboardingScreens.swift */,
			);
			path = Onboarding;
			sourceTree = "<group>";
		};
		378294CC297723A1009A5F30 /* Networking */ = {
			isa = PBXGroup;
			children = (
				378294CD297723F1009A5F30 /* NetworkFetch.swift */,
				378294DB2977324E009A5F30 /* MusicURL.swift */,
				378294CF2977243C009A5F30 /* DataFetch.swift */,
			);
			path = Networking;
			sourceTree = "<group>";
		};
		EC1C57022970B1A4000845FC /* AlertManager */ = {
			isa = PBXGroup;
			children = (
				EC1C570029709F89000845FC /* AlertManager.swift */,
			);
			path = AlertManager;
			sourceTree = "<group>";
		};
		EC1C57032970B1CB000845FC /* Validator */ = {
			isa = PBXGroup;
			children = (
				EC1C56FE29706509000845FC /* Validator.swift */,
			);
			path = Validator;
			sourceTree = "<group>";
		};
		EC1C57042970BC3B000845FC /* AuthService */ = {
			isa = PBXGroup;
			children = (
				EC70BEF3296FEA5500A037EA /* AuthService.swift */,
			);
			path = AuthService;
			sourceTree = "<group>";
		};
		EC1C57052970BC4B000845FC /* APICaller */ = {
			isa = PBXGroup;
			children = (
				ECC494EA296B67F600571028 /* APICaller.swift */,
			);
			path = APICaller;
			sourceTree = "<group>";
		};
		EC1C57082970C547000845FC /* AuthModels */ = {
			isa = PBXGroup;
			children = (
				EC70BEF5296FEC2300A037EA /* RegisterUserRequest.swift */,
				EC70BEF7296FF61200A037EA /* LoginUserRequest.swift */,
				EC1C57062970C067000845FC /* User.swift */,
			);
			path = AuthModels;
			sourceTree = "<group>";
		};
		EC2D4984296D941800C2C121 /* LoginRegistration */ = {
			isa = PBXGroup;
			children = (
				008C9555296B416D00730E7A /* LoginRegistrationViewController.swift */,
				ECC494E1296B65CB00571028 /* LoginView.swift */,
			);
			path = LoginRegistration;
			sourceTree = "<group>";
		};
		EC2D4985296D946E00C2C121 /* LoginInput */ = {
			isa = PBXGroup;
			children = (
				EC2D4986296D94F500C2C121 /* LoginInputController.swift */,
				EC2D4988296D950800C2C121 /* LoginInputView.swift */,
			);
			path = LoginInput;
			sourceTree = "<group>";
		};
		EC70BEF929701B5E00A037EA /* ForgotPassword */ = {
			isa = PBXGroup;
			children = (
				EC70BEFA29701B8400A037EA /* ForgotViewController.swift */,
			);
			path = ForgotPassword;
			sourceTree = "<group>";
		};
		EC70BEFC29701C9000A037EA /* Views */ = {
			isa = PBXGroup;
			children = (
				EC70BEFD29701CA900A037EA /* AuthHeaderView.swift */,
			);
			path = Views;
			sourceTree = "<group>";
		};
		ECC494D9296B613900571028 /* App */ = {
			isa = PBXGroup;
			children = (
				008C9551296B416D00730E7A /* AppDelegate.swift */,
				008C9553296B416D00730E7A /* SceneDelegate.swift */,
				00C6EBF92974464000572C5D /* Theme.swift */,
			);
			path = App;
			sourceTree = "<group>";
		};
		ECC494DB296B614D00571028 /* Sources */ = {
			isa = PBXGroup;
			children = (
				00C6EBF4297445DF00572C5D /* Onboarding */,
				ECC494E7296B66B100571028 /* TabBar */,
				ECC494DC296B615C00571028 /* Login */,
				ECC494E0296B659C00571028 /* Main */,
				00492AD42974B0DB00F9E0E6 /* Favorites */,
				ECC494EE296B6A7C00571028 /* Play */,
				ECC494F1296B6DB900571028 /* Person */,
			);
			path = Sources;
			sourceTree = "<group>";
		};
		ECC494DC296B615C00571028 /* Login */ = {
			isa = PBXGroup;
			children = (
				EC70BEFC29701C9000A037EA /* Views */,
				EC2D4985296D946E00C2C121 /* LoginInput */,
				EC2D4984296D941800C2C121 /* LoginRegistration */,
				EC70BEF929701B5E00A037EA /* ForgotPassword */,
			);
			path = Login;
			sourceTree = "<group>";
		};
		ECC494DD296B617600571028 /* Resources */ = {
			isa = PBXGroup;
			children = (
				008C955A296B416F00730E7A /* Assets.xcassets */,
				008C955C296B416F00730E7A /* LaunchScreen.storyboard */,
				ECC1249E296F052500FA3183 /* GoogleService-Info.plist */,
				008C955F296B416F00730E7A /* Info.plist */,
			);
			path = Resources;
			sourceTree = "<group>";
		};
		ECC494E0296B659C00571028 /* Main */ = {
			isa = PBXGroup;
			children = (
				ECC494E3296B660100571028 /* MainViewController.swift */,
				00C6EBF22974458400572C5D /* TextCell.swift */,
			);
			path = Main;
			sourceTree = "<group>";
		};
		ECC494E5296B664C00571028 /* Common */ = {
			isa = PBXGroup;
			children = (
				EC1C57032970B1CB000845FC /* Validator */,
				EC1C57022970B1A4000845FC /* AlertManager */,
				ECC494E6296B665100571028 /* Extensions */,
			);
			path = Common;
			sourceTree = "<group>";
		};
		ECC494E6296B665100571028 /* Extensions */ = {
			isa = PBXGroup;
			children = (
				ECC3B61B296C210300E7702B /* Extensions+TextField.swift */,
				ECD2CD89296C4A37008F9542 /* Extensions+Label.swift */,
				ECD2CD8D296C5487008F9542 /* Extensions+UIStackView.swift */,
			);
			path = Extensions;
			sourceTree = "<group>";
		};
		ECC494E7296B66B100571028 /* TabBar */ = {
			isa = PBXGroup;
			children = (
				ECC494DE296B645200571028 /* MainTabBarController.swift */,
			);
			name = TabBar;
			sourceTree = "<group>";
		};
		ECC494E8296B678E00571028 /* Managers */ = {
			isa = PBXGroup;
			children = (
				378294CC297723A1009A5F30 /* Networking */,
				EC1C57052970BC4B000845FC /* APICaller */,
				EC1C57042970BC3B000845FC /* AuthService */,
			);
			path = Managers;
			sourceTree = "<group>";
		};
		ECC494E9296B679C00571028 /* Models */ = {
			isa = PBXGroup;
			children = (
				ECC494EC296B681C00571028 /* Model.swift */,
				378294D3297724D8009A5F30 /* AlbumModel.swift */,
				378294D529772501009A5F30 /* Tracks.swift */,
				378294D729772545009A5F30 /* TrackModel.swift */,
				378294D929772578009A5F30 /* MusicManager.swift */,
				EC1C57082970C547000845FC /* AuthModels */,
			);
			path = Models;
			sourceTree = "<group>";
		};
		ECC494EE296B6A7C00571028 /* Play */ = {
			isa = PBXGroup;
			children = (
				ECC494EF296B6A9200571028 /* PlayViewController.swift */,
				ECF836212973F90F005C10E4 /* PlayView.swift */,
			);
			path = Play;
			sourceTree = "<group>";
		};
		ECC494F1296B6DB900571028 /* Person */ = {
			isa = PBXGroup;
			children = (
				ECC494F2296B6DC800571028 /* PersonViewController.swift */,
			);
			path = Person;
			sourceTree = "<group>";
		};
/* End PBXGroup section */

/* Begin PBXNativeTarget section */
		008C954D296B416D00730E7A /* Vii-Music */ = {
			isa = PBXNativeTarget;
			buildConfigurationList = 008C9562296B416F00730E7A /* Build configuration list for PBXNativeTarget "Vii-Music" */;
			buildPhases = (
				008C954A296B416D00730E7A /* Sources */,
				008C954B296B416D00730E7A /* Frameworks */,
				008C954C296B416D00730E7A /* Resources */,
			);
			buildRules = (
			);
			dependencies = (
			);
			name = "Vii-Music";
			packageProductDependencies = (
				ECC124A1296F0ED700FA3183 /* FirebaseAuth */,
				ECC124A3296F0ED700FA3183 /* FirebaseFirestore */,
				ECC124A5296F0ED700FA3183 /* FirebaseStorage */,
			);
			productName = "Vii-Music";
			productReference = 008C954E296B416D00730E7A /* Vii-Music.app */;
			productType = "com.apple.product-type.application";
		};
/* End PBXNativeTarget section */

/* Begin PBXProject section */
		008C9546296B416D00730E7A /* Project object */ = {
			isa = PBXProject;
			attributes = {
				BuildIndependentTargetsInParallel = 1;
				LastSwiftUpdateCheck = 1400;
				LastUpgradeCheck = 1400;
				TargetAttributes = {
					008C954D296B416D00730E7A = {
						CreatedOnToolsVersion = 14.0;
					};
				};
			};
			buildConfigurationList = 008C9549296B416D00730E7A /* Build configuration list for PBXProject "Vii-Music" */;
			compatibilityVersion = "Xcode 14.0";
			developmentRegion = en;
			hasScannedForEncodings = 0;
			knownRegions = (
				en,
				Base,
			);
			mainGroup = 008C9545296B416D00730E7A;
			packageReferences = (
				ECC124A0296F0ED700FA3183 /* XCRemoteSwiftPackageReference "firebase-ios-sdk" */,
			);
			productRefGroup = 008C954F296B416D00730E7A /* Products */;
			projectDirPath = "";
			projectRoot = "";
			targets = (
				008C954D296B416D00730E7A /* Vii-Music */,
			);
		};
/* End PBXProject section */

/* Begin PBXResourcesBuildPhase section */
		008C954C296B416D00730E7A /* Resources */ = {
			isa = PBXResourcesBuildPhase;
			buildActionMask = 2147483647;
			files = (
				008C955E296B416F00730E7A /* LaunchScreen.storyboard in Resources */,
				008C955B296B416F00730E7A /* Assets.xcassets in Resources */,
				ECC1249F296F052500FA3183 /* GoogleService-Info.plist in Resources */,
			);
			runOnlyForDeploymentPostprocessing = 0;
		};
/* End PBXResourcesBuildPhase section */

/* Begin PBXSourcesBuildPhase section */
		008C954A296B416D00730E7A /* Sources */ = {
			isa = PBXSourcesBuildPhase;
			buildActionMask = 2147483647;
			files = (
				00C6EBFA2974464000572C5D /* Theme.swift in Sources */,
				008C9556296B416D00730E7A /* LoginRegistrationViewController.swift in Sources */,
				378294DA29772578009A5F30 /* MusicManager.swift in Sources */,
				EC70BEFB29701B8400A037EA /* ForgotViewController.swift in Sources */,
				ECC494F0296B6A9200571028 /* PlayViewController.swift in Sources */,
				378294DC2977324E009A5F30 /* MusicURL.swift in Sources */,
				EC2D4989296D950800C2C121 /* LoginInputView.swift in Sources */,
				EC1C56FF29706509000845FC /* Validator.swift in Sources */,
				EC70BEF6296FEC2300A037EA /* RegisterUserRequest.swift in Sources */,
				ECC3B61C296C210300E7702B /* Extensions+TextField.swift in Sources */,
				EC324F952975D3A600988CBA /* MusicModel.xcdatamodeld in Sources */,
				008C9552296B416D00730E7A /* AppDelegate.swift in Sources */,
				EC2D4987296D94F500C2C121 /* LoginInputController.swift in Sources */,
				ECC494DF296B645200571028 /* MainTabBarController.swift in Sources */,
				378294CE297723F1009A5F30 /* NetworkFetch.swift in Sources */,
				ECC494EB296B67F600571028 /* APICaller.swift in Sources */,
				378294D629772501009A5F30 /* Tracks.swift in Sources */,
				ECC494F3296B6DC800571028 /* PersonViewController.swift in Sources */,
				00C6EBF6297445ED00572C5D /* OnboardingViewController.swift in Sources */,
				EC1C570129709F89000845FC /* AlertManager.swift in Sources */,
				ECC494E4296B660100571028 /* MainViewController.swift in Sources */,
				ECD2CD8A296C4A37008F9542 /* Extensions+Label.swift in Sources */,
				ECC494E2296B65CB00571028 /* LoginView.swift in Sources */,
				378294D4297724D8009A5F30 /* AlbumModel.swift in Sources */,
				00492AD62974B0FC00F9E0E6 /* FavoriteViewController.swift in Sources */,
				008C9554296B416D00730E7A /* SceneDelegate.swift in Sources */,
				EC70BEFE29701CA900A037EA /* AuthHeaderView.swift in Sources */,
				378294D829772545009A5F30 /* TrackModel.swift in Sources */,
				ECF836222973F90F005C10E4 /* PlayView.swift in Sources */,
				EC70BEF8296FF61200A037EA /* LoginUserRequest.swift in Sources */,
				00492AD82974B11500F9E0E6 /* FavoritesCell.swift in Sources */,
				ECD2CD8E296C5487008F9542 /* Extensions+UIStackView.swift in Sources */,
				ECC494ED296B681C00571028 /* Model.swift in Sources */,
				00C6EBF82974460000572C5D /* OnboardingScreens.swift in Sources */,
				378294D02977243C009A5F30 /* DataFetch.swift in Sources */,
				EC70BEF4296FEA5500A037EA /* AuthService.swift in Sources */,
				00C6EBF32974458400572C5D /* TextCell.swift in Sources */,
				EC1C57072970C067000845FC /* User.swift in Sources */,
			);
			runOnlyForDeploymentPostprocessing = 0;
		};
/* End PBXSourcesBuildPhase section */

/* Begin PBXVariantGroup section */
		008C955C296B416F00730E7A /* LaunchScreen.storyboard */ = {
			isa = PBXVariantGroup;
			children = (
				008C955D296B416F00730E7A /* Base */,
			);
			name = LaunchScreen.storyboard;
			sourceTree = "<group>";
		};
/* End PBXVariantGroup section */

/* Begin XCBuildConfiguration section */
		008C9560296B416F00730E7A /* Debug */ = {
			isa = XCBuildConfiguration;
			buildSettings = {
				ALWAYS_SEARCH_USER_PATHS = NO;
				CLANG_ANALYZER_NONNULL = YES;
				CLANG_ANALYZER_NUMBER_OBJECT_CONVERSION = YES_AGGRESSIVE;
				CLANG_CXX_LANGUAGE_STANDARD = "gnu++20";
				CLANG_ENABLE_MODULES = YES;
				CLANG_ENABLE_OBJC_ARC = YES;
				CLANG_ENABLE_OBJC_WEAK = YES;
				CLANG_WARN_BLOCK_CAPTURE_AUTORELEASING = YES;
				CLANG_WARN_BOOL_CONVERSION = YES;
				CLANG_WARN_COMMA = YES;
				CLANG_WARN_CONSTANT_CONVERSION = YES;
				CLANG_WARN_DEPRECATED_OBJC_IMPLEMENTATIONS = YES;
				CLANG_WARN_DIRECT_OBJC_ISA_USAGE = YES_ERROR;
				CLANG_WARN_DOCUMENTATION_COMMENTS = YES;
				CLANG_WARN_EMPTY_BODY = YES;
				CLANG_WARN_ENUM_CONVERSION = YES;
				CLANG_WARN_INFINITE_RECURSION = YES;
				CLANG_WARN_INT_CONVERSION = YES;
				CLANG_WARN_NON_LITERAL_NULL_CONVERSION = YES;
				CLANG_WARN_OBJC_IMPLICIT_RETAIN_SELF = YES;
				CLANG_WARN_OBJC_LITERAL_CONVERSION = YES;
				CLANG_WARN_OBJC_ROOT_CLASS = YES_ERROR;
				CLANG_WARN_QUOTED_INCLUDE_IN_FRAMEWORK_HEADER = YES;
				CLANG_WARN_RANGE_LOOP_ANALYSIS = YES;
				CLANG_WARN_STRICT_PROTOTYPES = YES;
				CLANG_WARN_SUSPICIOUS_MOVE = YES;
				CLANG_WARN_UNGUARDED_AVAILABILITY = YES_AGGRESSIVE;
				CLANG_WARN_UNREACHABLE_CODE = YES;
				CLANG_WARN__DUPLICATE_METHOD_MATCH = YES;
				COPY_PHASE_STRIP = NO;
				DEBUG_INFORMATION_FORMAT = dwarf;
				ENABLE_STRICT_OBJC_MSGSEND = YES;
				ENABLE_TESTABILITY = YES;
				GCC_C_LANGUAGE_STANDARD = gnu11;
				GCC_DYNAMIC_NO_PIC = NO;
				GCC_NO_COMMON_BLOCKS = YES;
				GCC_OPTIMIZATION_LEVEL = 0;
				GCC_PREPROCESSOR_DEFINITIONS = (
					"DEBUG=1",
					"$(inherited)",
				);
				GCC_WARN_64_TO_32_BIT_CONVERSION = YES;
				GCC_WARN_ABOUT_RETURN_TYPE = YES_ERROR;
				GCC_WARN_UNDECLARED_SELECTOR = YES;
				GCC_WARN_UNINITIALIZED_AUTOS = YES_AGGRESSIVE;
				GCC_WARN_UNUSED_FUNCTION = YES;
				GCC_WARN_UNUSED_VARIABLE = YES;
				IPHONEOS_DEPLOYMENT_TARGET = 16.0;
				MTL_ENABLE_DEBUG_INFO = INCLUDE_SOURCE;
				MTL_FAST_MATH = YES;
				ONLY_ACTIVE_ARCH = YES;
				SDKROOT = iphoneos;
				SWIFT_ACTIVE_COMPILATION_CONDITIONS = DEBUG;
				SWIFT_OPTIMIZATION_LEVEL = "-Onone";
			};
			name = Debug;
		};
		008C9561296B416F00730E7A /* Release */ = {
			isa = XCBuildConfiguration;
			buildSettings = {
				ALWAYS_SEARCH_USER_PATHS = NO;
				CLANG_ANALYZER_NONNULL = YES;
				CLANG_ANALYZER_NUMBER_OBJECT_CONVERSION = YES_AGGRESSIVE;
				CLANG_CXX_LANGUAGE_STANDARD = "gnu++20";
				CLANG_ENABLE_MODULES = YES;
				CLANG_ENABLE_OBJC_ARC = YES;
				CLANG_ENABLE_OBJC_WEAK = YES;
				CLANG_WARN_BLOCK_CAPTURE_AUTORELEASING = YES;
				CLANG_WARN_BOOL_CONVERSION = YES;
				CLANG_WARN_COMMA = YES;
				CLANG_WARN_CONSTANT_CONVERSION = YES;
				CLANG_WARN_DEPRECATED_OBJC_IMPLEMENTATIONS = YES;
				CLANG_WARN_DIRECT_OBJC_ISA_USAGE = YES_ERROR;
				CLANG_WARN_DOCUMENTATION_COMMENTS = YES;
				CLANG_WARN_EMPTY_BODY = YES;
				CLANG_WARN_ENUM_CONVERSION = YES;
				CLANG_WARN_INFINITE_RECURSION = YES;
				CLANG_WARN_INT_CONVERSION = YES;
				CLANG_WARN_NON_LITERAL_NULL_CONVERSION = YES;
				CLANG_WARN_OBJC_IMPLICIT_RETAIN_SELF = YES;
				CLANG_WARN_OBJC_LITERAL_CONVERSION = YES;
				CLANG_WARN_OBJC_ROOT_CLASS = YES_ERROR;
				CLANG_WARN_QUOTED_INCLUDE_IN_FRAMEWORK_HEADER = YES;
				CLANG_WARN_RANGE_LOOP_ANALYSIS = YES;
				CLANG_WARN_STRICT_PROTOTYPES = YES;
				CLANG_WARN_SUSPICIOUS_MOVE = YES;
				CLANG_WARN_UNGUARDED_AVAILABILITY = YES_AGGRESSIVE;
				CLANG_WARN_UNREACHABLE_CODE = YES;
				CLANG_WARN__DUPLICATE_METHOD_MATCH = YES;
				COPY_PHASE_STRIP = NO;
				DEBUG_INFORMATION_FORMAT = "dwarf-with-dsym";
				ENABLE_NS_ASSERTIONS = NO;
				ENABLE_STRICT_OBJC_MSGSEND = YES;
				GCC_C_LANGUAGE_STANDARD = gnu11;
				GCC_NO_COMMON_BLOCKS = YES;
				GCC_WARN_64_TO_32_BIT_CONVERSION = YES;
				GCC_WARN_ABOUT_RETURN_TYPE = YES_ERROR;
				GCC_WARN_UNDECLARED_SELECTOR = YES;
				GCC_WARN_UNINITIALIZED_AUTOS = YES_AGGRESSIVE;
				GCC_WARN_UNUSED_FUNCTION = YES;
				GCC_WARN_UNUSED_VARIABLE = YES;
				IPHONEOS_DEPLOYMENT_TARGET = 16.0;
				MTL_ENABLE_DEBUG_INFO = NO;
				MTL_FAST_MATH = YES;
				SDKROOT = iphoneos;
				SWIFT_COMPILATION_MODE = wholemodule;
				SWIFT_OPTIMIZATION_LEVEL = "-O";
				VALIDATE_PRODUCT = YES;
			};
			name = Release;
		};
		008C9563296B416F00730E7A /* Debug */ = {
			isa = XCBuildConfiguration;
			buildSettings = {
				ASSETCATALOG_COMPILER_APPICON_NAME = AppIcon;
				ASSETCATALOG_COMPILER_GLOBAL_ACCENT_COLOR_NAME = AccentColor;
				CODE_SIGN_STYLE = Automatic;
				CURRENT_PROJECT_VERSION = 1;
				DEVELOPMENT_TEAM = W9FSXFWG34;
				GENERATE_INFOPLIST_FILE = YES;
				INFOPLIST_FILE = "Vii-Music/Resources/Info.plist";
				INFOPLIST_KEY_UIApplicationSupportsIndirectInputEvents = YES;
				INFOPLIST_KEY_UILaunchStoryboardName = LaunchScreen;
				INFOPLIST_KEY_UISupportedInterfaceOrientations_iPad = "UIInterfaceOrientationPortrait UIInterfaceOrientationPortraitUpsideDown UIInterfaceOrientationLandscapeLeft UIInterfaceOrientationLandscapeRight";
				INFOPLIST_KEY_UISupportedInterfaceOrientations_iPhone = "UIInterfaceOrientationPortrait UIInterfaceOrientationLandscapeLeft UIInterfaceOrientationLandscapeRight";
				IPHONEOS_DEPLOYMENT_TARGET = 14.5;
				LD_RUNPATH_SEARCH_PATHS = (
					"$(inherited)",
					"@executable_path/Frameworks",
				);
				MARKETING_VERSION = 1.0;
				PRODUCT_BUNDLE_IDENTIFIER = "artemorlov.Vii-Music";
				PRODUCT_NAME = "$(TARGET_NAME)";
				SWIFT_EMIT_LOC_STRINGS = YES;
				SWIFT_VERSION = 5.0;
				TARGETED_DEVICE_FAMILY = "1,2";
			};
			name = Debug;
		};
		008C9564296B416F00730E7A /* Release */ = {
			isa = XCBuildConfiguration;
			buildSettings = {
				ASSETCATALOG_COMPILER_APPICON_NAME = AppIcon;
				ASSETCATALOG_COMPILER_GLOBAL_ACCENT_COLOR_NAME = AccentColor;
				CODE_SIGN_STYLE = Automatic;
				CURRENT_PROJECT_VERSION = 1;
				DEVELOPMENT_TEAM = W9FSXFWG34;
				GENERATE_INFOPLIST_FILE = YES;
				INFOPLIST_FILE = "Vii-Music/Resources/Info.plist";
				INFOPLIST_KEY_UIApplicationSupportsIndirectInputEvents = YES;
				INFOPLIST_KEY_UILaunchStoryboardName = LaunchScreen;
				INFOPLIST_KEY_UISupportedInterfaceOrientations_iPad = "UIInterfaceOrientationPortrait UIInterfaceOrientationPortraitUpsideDown UIInterfaceOrientationLandscapeLeft UIInterfaceOrientationLandscapeRight";
				INFOPLIST_KEY_UISupportedInterfaceOrientations_iPhone = "UIInterfaceOrientationPortrait UIInterfaceOrientationLandscapeLeft UIInterfaceOrientationLandscapeRight";
				IPHONEOS_DEPLOYMENT_TARGET = 14.5;
				LD_RUNPATH_SEARCH_PATHS = (
					"$(inherited)",
					"@executable_path/Frameworks",
				);
				MARKETING_VERSION = 1.0;
				PRODUCT_BUNDLE_IDENTIFIER = "artemorlov.Vii-Music";
				PRODUCT_NAME = "$(TARGET_NAME)";
				SWIFT_EMIT_LOC_STRINGS = YES;
				SWIFT_VERSION = 5.0;
				TARGETED_DEVICE_FAMILY = "1,2";
			};
			name = Release;
		};
/* End XCBuildConfiguration section */

/* Begin XCConfigurationList section */
		008C9549296B416D00730E7A /* Build configuration list for PBXProject "Vii-Music" */ = {
			isa = XCConfigurationList;
			buildConfigurations = (
				008C9560296B416F00730E7A /* Debug */,
				008C9561296B416F00730E7A /* Release */,
			);
			defaultConfigurationIsVisible = 0;
			defaultConfigurationName = Release;
		};
		008C9562296B416F00730E7A /* Build configuration list for PBXNativeTarget "Vii-Music" */ = {
			isa = XCConfigurationList;
			buildConfigurations = (
				008C9563296B416F00730E7A /* Debug */,
				008C9564296B416F00730E7A /* Release */,
			);
			defaultConfigurationIsVisible = 0;
			defaultConfigurationName = Release;
		};
/* End XCConfigurationList section */

/* Begin XCRemoteSwiftPackageReference section */
		ECC124A0296F0ED700FA3183 /* XCRemoteSwiftPackageReference "firebase-ios-sdk" */ = {
			isa = XCRemoteSwiftPackageReference;
			repositoryURL = "https://github.com/firebase/firebase-ios-sdk";
			requirement = {
				kind = upToNextMajorVersion;
				minimumVersion = 9.0.0;
			};
		};
/* End XCRemoteSwiftPackageReference section */

/* Begin XCSwiftPackageProductDependency section */
		ECC124A1296F0ED700FA3183 /* FirebaseAuth */ = {
			isa = XCSwiftPackageProductDependency;
			package = ECC124A0296F0ED700FA3183 /* XCRemoteSwiftPackageReference "firebase-ios-sdk" */;
			productName = FirebaseAuth;
		};
		ECC124A3296F0ED700FA3183 /* FirebaseFirestore */ = {
			isa = XCSwiftPackageProductDependency;
			package = ECC124A0296F0ED700FA3183 /* XCRemoteSwiftPackageReference "firebase-ios-sdk" */;
			productName = FirebaseFirestore;
		};
		ECC124A5296F0ED700FA3183 /* FirebaseStorage */ = {
			isa = XCSwiftPackageProductDependency;
			package = ECC124A0296F0ED700FA3183 /* XCRemoteSwiftPackageReference "firebase-ios-sdk" */;
			productName = FirebaseStorage;
		};
/* End XCSwiftPackageProductDependency section */

/* Begin XCVersionGroup section */
		EC324F932975D3A600988CBA /* MusicModel.xcdatamodeld */ = {
			isa = XCVersionGroup;
			children = (
				EC324F942975D3A600988CBA /* MusicModel.xcdatamodel */,
			);
			currentVersion = EC324F942975D3A600988CBA /* MusicModel.xcdatamodel */;
			path = MusicModel.xcdatamodeld;
			sourceTree = "<group>";
			versionGroupType = wrapper.xcdatamodel;
		};
/* End XCVersionGroup section */
	};
	rootObject = 008C9546296B416D00730E7A /* Project object */;
}
